
Microsoft Visual Studio Solution File, Format Version 12.00
# Visual Studio Version 17
VisualStudioVersion = 17.0.31717.71
MinimumVisualStudioVersion = 10.0.40219.1
Project("{2150E333-8FDC-42A3-9474-1A3956D46DE8}") = "src", "src", "{DD40249B-B5FB-4763-AE9C-F3D704161862}"
EndProject
Project("{9A19103F-16F7-4668-BE54-9A1E7A4F7556}") = "SIO.Domain", "src\SIO.Domain\SIO.Domain.csproj", "{6B11CA3E-23CA-48F9-A52B-C7577C46924C}"
EndProject
Project("{9A19103F-16F7-4668-BE54-9A1E7A4F7556}") = "SIO.Migrations", "src\SIO.Migrations\SIO.Migrations.csproj", "{511B74E0-F48E-439F-BA37-1A90DBABB467}"
EndProject
Project("{9A19103F-16F7-4668-BE54-9A1E7A4F7556}") = "SIO.Redis", "src\SIO.Redis\SIO.Redis.csproj", "{435C0F3C-39B7-4D83-BC3E-72B463FE87DE}"
EndProject
Project("{9A19103F-16F7-4668-BE54-9A1E7A4F7556}") = "SIO.Api", "src\SIO.Api\SIO.Api.csproj", "{D5064A08-109A-4EF7-A428-AE4D75B02701}"
EndProject
Project("{E53339B2-1760-4266-BCC7-CA923CBCF16C}") = "docker-compose", "docker-compose.dcproj", "{6DE71795-3E34-48B9-AE24-3524AC9EDE5B}"
EndProject
Project("{FAE04EC0-301F-11D3-BF4B-00C04F79EFBC}") = "SIO.Google", "src\SIO.Google\SIO.Google.csproj", "{06130618-5F2C-4A01-B990-A267D0E299B1}"
EndProject
Project("{FAE04EC0-301F-11D3-BF4B-00C04F79EFBC}") = "SIO.AWS", "src\SIO.AWS\SIO.AWS.csproj", "{3993A7D0-A3FF-4058-8330-342E38D3025B}"
EndProject
Global
	GlobalSection(SolutionConfigurationPlatforms) = preSolution
		Debug|Any CPU = Debug|Any CPU
		Release|Any CPU = Release|Any CPU
	EndGlobalSection
	GlobalSection(ProjectConfigurationPlatforms) = postSolution
		{6B11CA3E-23CA-48F9-A52B-C7577C46924C}.Debug|Any CPU.ActiveCfg = Debug|Any CPU
		{6B11CA3E-23CA-48F9-A52B-C7577C46924C}.Debug|Any CPU.Build.0 = Debug|Any CPU
		{6B11CA3E-23CA-48F9-A52B-C7577C46924C}.Release|Any CPU.ActiveCfg = Release|Any CPU
		{6B11CA3E-23CA-48F9-A52B-C7577C46924C}.Release|Any CPU.Build.0 = Release|Any CPU
		{511B74E0-F48E-439F-BA37-1A90DBABB467}.Debug|Any CPU.ActiveCfg = Debug|Any CPU
		{511B74E0-F48E-439F-BA37-1A90DBABB467}.Debug|Any CPU.Build.0 = Debug|Any CPU
		{511B74E0-F48E-439F-BA37-1A90DBABB467}.Release|Any CPU.ActiveCfg = Release|Any CPU
		{511B74E0-F48E-439F-BA37-1A90DBABB467}.Release|Any CPU.Build.0 = Release|Any CPU
		{435C0F3C-39B7-4D83-BC3E-72B463FE87DE}.Debug|Any CPU.ActiveCfg = Debug|Any CPU
		{435C0F3C-39B7-4D83-BC3E-72B463FE87DE}.Debug|Any CPU.Build.0 = Debug|Any CPU
		{435C0F3C-39B7-4D83-BC3E-72B463FE87DE}.Release|Any CPU.ActiveCfg = Release|Any CPU
		{435C0F3C-39B7-4D83-BC3E-72B463FE87DE}.Release|Any CPU.Build.0 = Release|Any CPU
		{D5064A08-109A-4EF7-A428-AE4D75B02701}.Debug|Any CPU.ActiveCfg = Debug|Any CPU
		{D5064A08-109A-4EF7-A428-AE4D75B02701}.Debug|Any CPU.Build.0 = Debug|Any CPU
		{D5064A08-109A-4EF7-A428-AE4D75B02701}.Release|Any CPU.ActiveCfg = Release|Any CPU
		{D5064A08-109A-4EF7-A428-AE4D75B02701}.Release|Any CPU.Build.0 = Release|Any CPU
		{6DE71795-3E34-48B9-AE24-3524AC9EDE5B}.Debug|Any CPU.ActiveCfg = Debug|Any CPU
		{6DE71795-3E34-48B9-AE24-3524AC9EDE5B}.Debug|Any CPU.Build.0 = Debug|Any CPU
		{6DE71795-3E34-48B9-AE24-3524AC9EDE5B}.Release|Any CPU.ActiveCfg = Release|Any CPU
		{6DE71795-3E34-48B9-AE24-3524AC9EDE5B}.Release|Any CPU.Build.0 = Release|Any CPU
		{06130618-5F2C-4A01-B990-A267D0E299B1}.Debug|Any CPU.ActiveCfg = Debug|Any CPU
		{06130618-5F2C-4A01-B990-A267D0E299B1}.Debug|Any CPU.Build.0 = Debug|Any CPU
		{06130618-5F2C-4A01-B990-A267D0E299B1}.Release|Any CPU.ActiveCfg = Release|Any CPU
		{06130618-5F2C-4A01-B990-A267D0E299B1}.Release|Any CPU.Build.0 = Release|Any CPU
		{3993A7D0-A3FF-4058-8330-342E38D3025B}.Debug|Any CPU.ActiveCfg = Debug|Any CPU
		{3993A7D0-A3FF-4058-8330-342E38D3025B}.Debug|Any CPU.Build.0 = Debug|Any CPU
		{3993A7D0-A3FF-4058-8330-342E38D3025B}.Release|Any CPU.ActiveCfg = Release|Any CPU
		{3993A7D0-A3FF-4058-8330-342E38D3025B}.Release|Any CPU.Build.0 = Release|Any CPU
	EndGlobalSection
	GlobalSection(SolutionProperties) = preSolution
		HideSolutionNode = FALSE
	EndGlobalSection
	GlobalSection(NestedProjects) = preSolution
		{6B11CA3E-23CA-48F9-A52B-C7577C46924C} = {DD40249B-B5FB-4763-AE9C-F3D704161862}
		{511B74E0-F48E-439F-BA37-1A90DBABB467} = {DD40249B-B5FB-4763-AE9C-F3D704161862}
		{435C0F3C-39B7-4D83-BC3E-72B463FE87DE} = {DD40249B-B5FB-4763-AE9C-F3D704161862}
		{D5064A08-109A-4EF7-A428-AE4D75B02701} = {DD40249B-B5FB-4763-AE9C-F3D704161862}
		{06130618-5F2C-4A01-B990-A267D0E299B1} = {DD40249B-B5FB-4763-AE9C-F3D704161862}
		{3993A7D0-A3FF-4058-8330-342E38D3025B} = {DD40249B-B5FB-4763-AE9C-F3D704161862}
	EndGlobalSection
	GlobalSection(ExtensibilityGlobals) = postSolution
		SolutionGuid = {3F498153-7828-4FD1-A788-DD383EFABF66}
	EndGlobalSection
EndGlobal
